
Microsoft Visual Studio Solution File, Format Version 12.00
# Visual Studio Version 17
VisualStudioVersion = 17.6.33801.468
MinimumVisualStudioVersion = 10.0.40219.1
Project("{9A19103F-16F7-4668-BE54-9A1E7A4F7556}") = "TravelloApi", "TravelloApi\TravelloApi.csproj", "{E7939610-4506-4C11-AC3D-D258C3725C0D}"
EndProject
Project("{FAE04EC0-301F-11D3-BF4B-00C04F79EFBC}") = "TravelloApi.Test", "TravelloApi.Test\TravelloApi.Test.csproj", "{85E97911-B144-4A37-87EF-1EAB8C941E72}"
EndProject
Global
	GlobalSection(SolutionConfigurationPlatforms) = preSolution
		Debug|Any CPU = Debug|Any CPU
		Release|Any CPU = Release|Any CPU
	EndGlobalSection
	GlobalSection(ProjectConfigurationPlatforms) = postSolution
		{E7939610-4506-4C11-AC3D-D258C3725C0D}.Debug|Any CPU.ActiveCfg = Debug|Any CPU
		{E7939610-4506-4C11-AC3D-D258C3725C0D}.Debug|Any CPU.Build.0 = Debug|Any CPU
		{E7939610-4506-4C11-AC3D-D258C3725C0D}.Release|Any CPU.ActiveCfg = Release|Any CPU
		{E7939610-4506-4C11-AC3D-D258C3725C0D}.Release|Any CPU.Build.0 = Release|Any CPU
		{85E97911-B144-4A37-87EF-1EAB8C941E72}.Debug|Any CPU.ActiveCfg = Debug|Any CPU
		{85E97911-B144-4A37-87EF-1EAB8C941E72}.Debug|Any CPU.Build.0 = Debug|Any CPU
		{85E97911-B144-4A37-87EF-1EAB8C941E72}.Release|Any CPU.ActiveCfg = Release|Any CPU
		{85E97911-B144-4A37-87EF-1EAB8C941E72}.Release|Any CPU.Build.0 = Release|Any CPU
	EndGlobalSection
	GlobalSection(SolutionProperties) = preSolution
		HideSolutionNode = FALSE
	EndGlobalSection
	GlobalSection(ExtensibilityGlobals) = postSolution
		SolutionGuid = {855E0285-C984-401A-9B73-A40F39A3E1FF}
	EndGlobalSection
EndGlobal
